
Microsoft Visual Studio Solution File, Format Version 12.00
# Visual Studio Version 17
VisualStudioVersion = 17.0.31903.59
MinimumVisualStudioVersion = 10.0.40219.1
Project("{FAE04EC0-301F-11D3-BF4B-00C04F79EFBC}") = "Todo.Domain", "Todo.Domain\Todo.Domain.csproj", "{6166891D-5E24-4389-8990-759FBA3BA4C3}"
EndProject
Project("{FAE04EC0-301F-11D3-BF4B-00C04F79EFBC}") = "Todo.Domain.Api", "Todo.Domain.Api\Todo.Domain.Api.csproj", "{E8AC3D00-392E-4EE6-B1D7-10209B9F979A}"
EndProject
Project("{FAE04EC0-301F-11D3-BF4B-00C04F79EFBC}") = "Todo.Domain.Infra", "Todo.Domain.Infra\Todo.Domain.Infra.csproj", "{42A8DE1F-3315-4168-BF9C-FD7F04549468}"
EndProject
Project("{FAE04EC0-301F-11D3-BF4B-00C04F79EFBC}") = "Todo.Domain.Tests", "Todo.Domain.Tests\Todo.Domain.Tests.csproj", "{7BC5621A-93ED-4079-ADBA-76251714EAB2}"
EndProject
Global
	GlobalSection(SolutionConfigurationPlatforms) = preSolution
		Debug|Any CPU = Debug|Any CPU
		Release|Any CPU = Release|Any CPU
	EndGlobalSection
	GlobalSection(SolutionProperties) = preSolution
		HideSolutionNode = FALSE
	EndGlobalSection
	GlobalSection(ProjectConfigurationPlatforms) = postSolution
		{6166891D-5E24-4389-8990-759FBA3BA4C3}.Debug|Any CPU.ActiveCfg = Debug|Any CPU
		{6166891D-5E24-4389-8990-759FBA3BA4C3}.Debug|Any CPU.Build.0 = Debug|Any CPU
		{6166891D-5E24-4389-8990-759FBA3BA4C3}.Release|Any CPU.ActiveCfg = Release|Any CPU
		{6166891D-5E24-4389-8990-759FBA3BA4C3}.Release|Any CPU.Build.0 = Release|Any CPU
		{E8AC3D00-392E-4EE6-B1D7-10209B9F979A}.Debug|Any CPU.ActiveCfg = Debug|Any CPU
		{E8AC3D00-392E-4EE6-B1D7-10209B9F979A}.Debug|Any CPU.Build.0 = Debug|Any CPU
		{E8AC3D00-392E-4EE6-B1D7-10209B9F979A}.Release|Any CPU.ActiveCfg = Release|Any CPU
		{E8AC3D00-392E-4EE6-B1D7-10209B9F979A}.Release|Any CPU.Build.0 = Release|Any CPU
		{42A8DE1F-3315-4168-BF9C-FD7F04549468}.Debug|Any CPU.ActiveCfg = Debug|Any CPU
		{42A8DE1F-3315-4168-BF9C-FD7F04549468}.Debug|Any CPU.Build.0 = Debug|Any CPU
		{42A8DE1F-3315-4168-BF9C-FD7F04549468}.Release|Any CPU.ActiveCfg = Release|Any CPU
		{42A8DE1F-3315-4168-BF9C-FD7F04549468}.Release|Any CPU.Build.0 = Release|Any CPU
		{7BC5621A-93ED-4079-ADBA-76251714EAB2}.Debug|Any CPU.ActiveCfg = Debug|Any CPU
		{7BC5621A-93ED-4079-ADBA-76251714EAB2}.Debug|Any CPU.Build.0 = Debug|Any CPU
		{7BC5621A-93ED-4079-ADBA-76251714EAB2}.Release|Any CPU.ActiveCfg = Release|Any CPU
		{7BC5621A-93ED-4079-ADBA-76251714EAB2}.Release|Any CPU.Build.0 = Release|Any CPU
	EndGlobalSection
EndGlobal
